
Microsoft Visual Studio Solution File, Format Version 12.00
# Visual Studio Version 17
VisualStudioVersion = 17.10.35027.167
MinimumVisualStudioVersion = 10.0.40219.1
Project("{FAE04EC0-301F-11D3-BF4B-00C04F79EFBC}") = "Bai1", "Bai1\Bai1.csproj", "{C81D564A-3746-46D2-9245-F6216EF22542}"
EndProject
Project("{FAE04EC0-301F-11D3-BF4B-00C04F79EFBC}") = "Bai2", "Bai2\Bai2.csproj", "{112376AB-E839-4BD1-8248-32C0958CB7C9}"
EndProject
Project("{FAE04EC0-301F-11D3-BF4B-00C04F79EFBC}") = "Bai3", "Bai3\Bai3.csproj", "{16AD47A2-94CA-4C73-968B-C5AA76E6D9F3}"
EndProject
Project("{FAE04EC0-301F-11D3-BF4B-00C04F79EFBC}") = "Bai4", "Bai4\Bai4.csproj", "{71126545-D06D-488C-92D7-C2A2F96DA9CD}"
EndProject
Project("{FAE04EC0-301F-11D3-BF4B-00C04F79EFBC}") = "Bai5", "Bai5\Bai5.csproj", "{C5A3528D-7009-46AF-8E0A-7C3BA03BD823}"
EndProject
Project("{FAE04EC0-301F-11D3-BF4B-00C04F79EFBC}") = "Bai6", "Bai6\Bai6.csproj", "{2D13F311-AEA0-491B-9E29-C5DB2C1D2B6F}"
EndProject
Global
	GlobalSection(SolutionConfigurationPlatforms) = preSolution
		Debug|Any CPU = Debug|Any CPU
		Release|Any CPU = Release|Any CPU
	EndGlobalSection
	GlobalSection(ProjectConfigurationPlatforms) = postSolution
		{C81D564A-3746-46D2-9245-F6216EF22542}.Debug|Any CPU.ActiveCfg = Debug|Any CPU
		{C81D564A-3746-46D2-9245-F6216EF22542}.Debug|Any CPU.Build.0 = Debug|Any CPU
		{C81D564A-3746-46D2-9245-F6216EF22542}.Release|Any CPU.ActiveCfg = Release|Any CPU
		{C81D564A-3746-46D2-9245-F6216EF22542}.Release|Any CPU.Build.0 = Release|Any CPU
		{112376AB-E839-4BD1-8248-32C0958CB7C9}.Debug|Any CPU.ActiveCfg = Debug|Any CPU
		{112376AB-E839-4BD1-8248-32C0958CB7C9}.Debug|Any CPU.Build.0 = Debug|Any CPU
		{112376AB-E839-4BD1-8248-32C0958CB7C9}.Release|Any CPU.ActiveCfg = Release|Any CPU
		{112376AB-E839-4BD1-8248-32C0958CB7C9}.Release|Any CPU.Build.0 = Release|Any CPU
		{16AD47A2-94CA-4C73-968B-C5AA76E6D9F3}.Debug|Any CPU.ActiveCfg = Debug|Any CPU
		{16AD47A2-94CA-4C73-968B-C5AA76E6D9F3}.Debug|Any CPU.Build.0 = Debug|Any CPU
		{16AD47A2-94CA-4C73-968B-C5AA76E6D9F3}.Release|Any CPU.ActiveCfg = Release|Any CPU
		{16AD47A2-94CA-4C73-968B-C5AA76E6D9F3}.Release|Any CPU.Build.0 = Release|Any CPU
		{71126545-D06D-488C-92D7-C2A2F96DA9CD}.Debug|Any CPU.ActiveCfg = Debug|Any CPU
		{71126545-D06D-488C-92D7-C2A2F96DA9CD}.Debug|Any CPU.Build.0 = Debug|Any CPU
		{71126545-D06D-488C-92D7-C2A2F96DA9CD}.Release|Any CPU.ActiveCfg = Release|Any CPU
		{71126545-D06D-488C-92D7-C2A2F96DA9CD}.Release|Any CPU.Build.0 = Release|Any CPU
		{C5A3528D-7009-46AF-8E0A-7C3BA03BD823}.Debug|Any CPU.ActiveCfg = Debug|Any CPU
		{C5A3528D-7009-46AF-8E0A-7C3BA03BD823}.Debug|Any CPU.Build.0 = Debug|Any CPU
		{C5A3528D-7009-46AF-8E0A-7C3BA03BD823}.Release|Any CPU.ActiveCfg = Release|Any CPU
		{C5A3528D-7009-46AF-8E0A-7C3BA03BD823}.Release|Any CPU.Build.0 = Release|Any CPU
		{2D13F311-AEA0-491B-9E29-C5DB2C1D2B6F}.Debug|Any CPU.ActiveCfg = Debug|Any CPU
		{2D13F311-AEA0-491B-9E29-C5DB2C1D2B6F}.Debug|Any CPU.Build.0 = Debug|Any CPU
		{2D13F311-AEA0-491B-9E29-C5DB2C1D2B6F}.Release|Any CPU.ActiveCfg = Release|Any CPU
		{2D13F311-AEA0-491B-9E29-C5DB2C1D2B6F}.Release|Any CPU.Build.0 = Release|Any CPU
	EndGlobalSection
	GlobalSection(SolutionProperties) = preSolution
		HideSolutionNode = FALSE
	EndGlobalSection
	GlobalSection(ExtensibilityGlobals) = postSolution
		SolutionGuid = {070E96FC-103C-4782-B271-89F46E23971C}
	EndGlobalSection
EndGlobal
